
Microsoft Visual Studio Solution File, Format Version 12.00
# Visual Studio Version 17
VisualStudioVersion = 17.2.32630.192
MinimumVisualStudioVersion = 10.0.40219.1
Project("{FAE04EC0-301F-11D3-BF4B-00C04F79EFBC}") = "HelloWorld4", "HelloWorld4\HelloWorld4.csproj", "{62937CAD-9DCF-4CE0-B63E-E70302458105}"
EndProject
Global
	GlobalSection(SolutionConfigurationPlatforms) = preSolution
		Debug|Any CPU = Debug|Any CPU
		Release|Any CPU = Release|Any CPU
	EndGlobalSection
	GlobalSection(ProjectConfigurationPlatforms) = postSolution
		{62937CAD-9DCF-4CE0-B63E-E70302458105}.Debug|Any CPU.ActiveCfg = Debug|Any CPU
		{62937CAD-9DCF-4CE0-B63E-E70302458105}.Debug|Any CPU.Build.0 = Debug|Any CPU
		{62937CAD-9DCF-4CE0-B63E-E70302458105}.Release|Any CPU.ActiveCfg = Release|Any CPU
		{62937CAD-9DCF-4CE0-B63E-E70302458105}.Release|Any CPU.Build.0 = Release|Any CPU
	EndGlobalSection
	GlobalSection(SolutionProperties) = preSolution
		HideSolutionNode = FALSE
	EndGlobalSection
	GlobalSection(ExtensibilityGlobals) = postSolution
		SolutionGuid = {BCD31321-7CE3-4B3B-91FA-3DBA8C879A2D}
	EndGlobalSection
EndGlobal
